<?xml version="1.0" encoding="utf-8"?>
<Project ToolsVersion="4.0" xmlns="http://schemas.microsoft.com/developer/msbuild/2003">
  <ItemGroup>
    <ClCompile Include="Main.cpp" />
    <ClCompile Include="Bullet.cpp">
      <Filter>User</Filter>
    </ClCompile>
    <ClCompile Include="Player.cpp">
      <Filter>User</Filter>
    </ClCompile>
    <ClCompile Include="Scene1.cpp">
      <Filter>Scene</Filter>
    </ClCompile>
    <ClCompile Include="Scene2.cpp">
      <Filter>Scene</Filter>
    </ClCompile>
    <ClCompile Include="UI.cpp">
      <Filter>UI</Filter>
    </ClCompile>
    <ClCompile Include="Item_copper.cpp">
      <Filter>Item</Filter>
    </ClCompile>
    <ClCompile Include="Conveyer.cpp">
      <Filter>BlockFunction</Filter>
    </ClCompile>
    <ClCompile Include="Drill.cpp">
      <Filter>BlockFunction</Filter>
    </ClCompile>
    <ClCompile Include="BFM.cpp">
      <Filter>BlockFunction</Filter>
    </ClCompile>
    <ClCompile Include="FunctionVector.cpp">
      <Filter>BlockFunction</Filter>
    </ClCompile>
  </ItemGroup>
  <ItemGroup>
    <ClInclude Include="Main.h" />
    <ClInclude Include="stdafx.h" />
    <ClInclude Include="Bullet.h">
      <Filter>User</Filter>
    </ClInclude>
    <ClInclude Include="Player.h">
      <Filter>User</Filter>
    </ClInclude>
    <ClInclude Include="Scene1.h">
      <Filter>Scene</Filter>
    </ClInclude>
    <ClInclude Include="Scene2.h">
      <Filter>Scene</Filter>
    </ClInclude>
    <ClInclude Include="resource.h">
      <Filter>Resource</Filter>
    </ClInclude>
    <ClInclude Include="UI.h">
      <Filter>UI</Filter>
    </ClInclude>
    <ClInclude Include="Item_copper.h">
      <Filter>Item</Filter>
    </ClInclude>
    <ClInclude Include="Conveyer.h">
      <Filter>BlockFunction</Filter>
    </ClInclude>
    <ClInclude Include="Drill.h">
      <Filter>BlockFunction</Filter>
    </ClInclude>
    <ClInclude Include="BFM.h">
      <Filter>BlockFunction</Filter>
    </ClInclude>
    <ClInclude Include="FunctionVector.h">
      <Filter>BlockFunction</Filter>
    </ClInclude>
  </ItemGroup>
  <ItemGroup>
    <Filter Include="User">
      <UniqueIdentifier>{adc7e5e7-5c07-4ed9-b255-d064e8ed65ef}</UniqueIdentifier>
    </Filter>
    <Filter Include="Scene">
      <UniqueIdentifier>{5f627af1-f323-4e70-a8f5-d2230bdeb738}</UniqueIdentifier>
    </Filter>
    <Filter Include="Resource">
      <UniqueIdentifier>{e6105f2d-1c03-453a-b0c4-3572950f2f18}</UniqueIdentifier>
    </Filter>
    <Filter Include="UI">
      <UniqueIdentifier>{55698809-08c2-4287-9345-78ca94704476}</UniqueIdentifier>
    </Filter>
    <Filter Include="Item">
      <UniqueIdentifier>{b22d4d4c-9bf4-4d1c-a149-91dea8969199}</UniqueIdentifier>
    </Filter>
    <Filter Include="BlockFunction">
      <UniqueIdentifier>{79bba435-94b2-49c3-bf49-2b91c1ed47c4}</UniqueIdentifier>
    </Filter>
  </ItemGroup>
  <ItemGroup>
    <ResourceCompile Include="MapTool.rc">
      <Filter>Resource</Filter>
    </ResourceCompile>
  </ItemGroup>
  <ItemGroup>
    <Image Include="..\Contents\Images\icon.ico">
      <Filter>Resource</Filter>
    </Image>
  </ItemGroup>
  <ItemGroup>
    <None Include="cursor1.cur">
      <Filter>Resource</Filter>
    </None>
  </ItemGroup>
</Project>